# This file is automatically @generated by Poetry 1.8.2 and should not be changed by hand.

[[package]]
name = "astroid"
version = "3.2.2"
description = "An abstract syntax tree for Python with inference support."
optional = false
python-versions = ">=3.8.0"
files = [
    {file = "astroid-3.2.2-py3-none-any.whl", hash = "sha256:e8a0083b4bb28fcffb6207a3bfc9e5d0a68be951dd7e336d5dcf639c682388c0"},
    {file = "astroid-3.2.2.tar.gz", hash = "sha256:8ead48e31b92b2e217b6c9733a21afafe479d52d6e164dd25fb1a770c7c3cf94"},
]

[[package]]
name = "colorama"
version = "0.4.6"
description = "Cross-platform colored terminal text."
optional = false
python-versions = "!=3.0.*,!=3.1.*,!=3.2.*,!=3.3.*,!=3.4.*,!=3.5.*,!=3.6.*,>=2.7"
files = [
    {file = "colorama-0.4.6-py2.py3-none-any.whl", hash = "sha256:4f1d9991f5acc0ca119f9d443620b77f9d6b33703e51011c16baf57afb285fc6"},
    {file = "colorama-0.4.6.tar.gz", hash = "sha256:08695f5cb7ed6e0531a20572697297273c47b8cae5a63ffc6d6ed5c201be6e44"},
]

[[package]]
name = "dbus-python"
version = "1.3.2"
description = "Python bindings for libdbus"
optional = false
python-versions = ">=3.7"
files = [
    {file = "dbus-python-1.3.2.tar.gz", hash = "sha256:ad67819308618b5069537be237f8e68ca1c7fcc95ee4a121fe6845b1418248f8"},
]

[package.extras]
doc = ["sphinx", "sphinx_rtd_theme"]
test = ["tap.py"]

[[package]]
name = "dill"
version = "0.3.8"
description = "serialize all of Python"
optional = false
python-versions = ">=3.8"
files = [
    {file = "dill-0.3.8-py3-none-any.whl", hash = "sha256:c36ca9ffb54365bdd2f8eb3eff7d2a21237f8452b57ace88b1ac615b7e815bd7"},
    {file = "dill-0.3.8.tar.gz", hash = "sha256:3ebe3c479ad625c4553aca177444d89b486b1d84982eeacded644afc0cf797ca"},
]

[package.extras]
graph = ["objgraph (>=1.7.2)"]
profile = ["gprof2dot (>=2022.7.29)"]

[[package]]
name = "isort"
version = "5.13.2"
description = "A Python utility / library to sort Python imports."
optional = false
python-versions = ">=3.8.0"
files = [
    {file = "isort-5.13.2-py3-none-any.whl", hash = "sha256:8ca5e72a8d85860d5a3fa69b8745237f2939afe12dbf656afbcb47fe72d947a6"},
    {file = "isort-5.13.2.tar.gz", hash = "sha256:48fdfcb9face5d58a4f6dde2e72a1fb8dcaf8ab26f95ab49fab84c2ddefb0109"},
]

[package.extras]
colors = ["colorama (>=0.4.6)"]

[[package]]
name = "mccabe"
version = "0.7.0"
description = "McCabe checker, plugin for flake8"
optional = false
python-versions = ">=3.6"
files = [
    {file = "mccabe-0.7.0-py2.py3-none-any.whl", hash = "sha256:6c2d30ab6be0e4a46919781807b4f0d834ebdd6c6e3dca0bda5a15f863427b6e"},
    {file = "mccabe-0.7.0.tar.gz", hash = "sha256:348e0240c33b60bbdf4e523192ef919f28cb2c3d7d5c7794f74009290f236325"},
]

[[package]]
name = "media-session"
version = "0.1.0"
description = ""
optional = false
python-versions = "<3.13,>=3.10"
files = []
develop = false

[package.dependencies]
dbus-python = {version = "^1.3.2", markers = "sys_platform == \"linux\""}
winrt-windows-foundation = {version = "^2.0.0b2", markers = "sys_platform == \"win32\""}
winrt-windows-foundation-collections = {version = "^2.0.0b2", markers = "sys_platform == \"win32\""}
winrt-windows-media = {version = "^2.0.0b2", markers = "sys_platform == \"win32\""}
winrt-windows-media-control = {version = "^2.0.0b2", markers = "sys_platform == \"win32\""}
winrt-windows-storage-streams = {version = "^2.0.0b2", markers = "sys_platform == \"win32\""}

[package.source]
type = "git"
url = "https://github.com/virashu/media_session"
reference = "HEAD"
resolved_reference = "67808f2553e2e7489a96c30b60869f374a1a1187"

[[package]]
name = "platformdirs"
version = "4.2.2"
description = "A small Python package for determining appropriate platform-specific dirs, e.g. a `user data dir`."
optional = false
python-versions = ">=3.8"
files = [
    {file = "platformdirs-4.2.2-py3-none-any.whl", hash = "sha256:2d7a1657e36a80ea911db832a8a6ece5ee53d8de21edd5cc5879af6530b1bfee"},
    {file = "platformdirs-4.2.2.tar.gz", hash = "sha256:38b7b51f512eed9e84a22788b4bce1de17c0adb134d6becb09836e37d8654cd3"},
]

[package.extras]
docs = ["furo (>=2023.9.10)", "proselint (>=0.13)", "sphinx (>=7.2.6)", "sphinx-autodoc-typehints (>=1.25.2)"]
test = ["appdirs (==1.4.4)", "covdefaults (>=2.3)", "pytest (>=7.4.3)", "pytest-cov (>=4.1)", "pytest-mock (>=3.12)"]
type = ["mypy (>=1.8)"]

[[package]]
name = "pylint"
version = "3.2.5"
description = "python code static checker"
optional = false
python-versions = ">=3.8.0"
files = [
    {file = "pylint-3.2.5-py3-none-any.whl", hash = "sha256:32cd6c042b5004b8e857d727708720c54a676d1e22917cf1a2df9b4d4868abd6"},
    {file = "pylint-3.2.5.tar.gz", hash = "sha256:e9b7171e242dcc6ebd0aaa7540481d1a72860748a0a7816b8fe6cf6c80a6fe7e"},
]

[package.dependencies]
astroid = ">=3.2.2,<=3.3.0-dev0"
colorama = {version = ">=0.4.5", markers = "sys_platform == \"win32\""}
dill = [
    {version = ">=0.3.7", markers = "python_version >= \"3.12\""},
    {version = ">=0.3.6", markers = "python_version >= \"3.11\" and python_version < \"3.12\""},
]
isort = ">=4.2.5,<5.13.0 || >5.13.0,<6"
mccabe = ">=0.6,<0.8"
platformdirs = ">=2.2.0"
tomlkit = ">=0.10.1"

[package.extras]
spelling = ["pyenchant (>=3.2,<4.0)"]
testutils = ["gitpython (>3)"]

[[package]]
name = "saaba"
version = "0.1.1"
description = ""
optional = false
python-versions = "^3.11"
files = []
develop = false

[package.source]
type = "git"
url = "https://github.com/virashu/saaba"
reference = "HEAD"
resolved_reference = "cf5ce519bc519d73bd57b2eb4c08a8a504869454"

[[package]]
name = "tomlkit"
version = "0.12.5"
description = "Style preserving TOML library"
optional = false
python-versions = ">=3.7"
files = [
    {file = "tomlkit-0.12.5-py3-none-any.whl", hash = "sha256:af914f5a9c59ed9d0762c7b64d3b5d5df007448eb9cd2edc8a46b1eafead172f"},
    {file = "tomlkit-0.12.5.tar.gz", hash = "sha256:eef34fba39834d4d6b73c9ba7f3e4d1c417a4e56f89a7e96e090dd0d24b8fb3c"},
]

[[package]]
name = "winrt-runtime"
version = "2.1.0"
description = "Python projection of Windows Runtime (WinRT) APIs"
optional = false
python-versions = "<3.13,>=3.9"
files = [
    {file = "winrt_runtime-2.1.0-cp310-cp310-win32.whl", hash = "sha256:8cd140f201bf50d3879a595daa995ad61f7aa9c818b1d54be96b28762641ed5b"},
    {file = "winrt_runtime-2.1.0-cp310-cp310-win_amd64.whl", hash = "sha256:9d550a2018c22b56ae15847c3ccb1675a3d5cda70c49bca65acb41dc527e55e9"},
    {file = "winrt_runtime-2.1.0-cp310-cp310-win_arm64.whl", hash = "sha256:74eed9c85830ec8663766b0866256ab446602ba00effaf0ff44b0ffa2ae237fc"},
    {file = "winrt_runtime-2.1.0-cp311-cp311-win32.whl", hash = "sha256:ad2a7cb71362799e5a1a3ba72b374aae62132ddb715036b03f4835e355a194d1"},
    {file = "winrt_runtime-2.1.0-cp311-cp311-win_amd64.whl", hash = "sha256:267561962ad5b2f6e6bb92fd283a68fa2e22e4880ee4e49499ef0051cbaac228"},
    {file = "winrt_runtime-2.1.0-cp311-cp311-win_arm64.whl", hash = "sha256:f16c7739d7f2ce1e725aa00fb4917317c2dfbb5156f6393fd51c15634a63eeba"},
    {file = "winrt_runtime-2.1.0-cp312-cp312-win32.whl", hash = "sha256:fd3d29c0d11a4afb46357dca7d8a6be22018c7bc77139c71721f4aa85beadea4"},
    {file = "winrt_runtime-2.1.0-cp312-cp312-win_amd64.whl", hash = "sha256:9845dad4de05794acf46387cbde1497755b4c01ba224ab846cbd8b65fba6c5d3"},
    {file = "winrt_runtime-2.1.0-cp312-cp312-win_arm64.whl", hash = "sha256:902e7436dd6495717ab490e41179bdae3bd91b00c8336841ef9366633cdb35e5"},
    {file = "winrt_runtime-2.1.0-cp39-cp39-win32.whl", hash = "sha256:97835cb06d26874046f89928e7b73f72d7620ddf2a956d054c3b6f484e1f47a8"},
    {file = "winrt_runtime-2.1.0-cp39-cp39-win_amd64.whl", hash = "sha256:25557f459ffcb021e7970a5c5fcd69a7288086870b78d378b09a7ced7da75f08"},
    {file = "winrt_runtime-2.1.0-cp39-cp39-win_arm64.whl", hash = "sha256:69816a1c5d89be9b97b3094c53476f9ec9ef6f94c030de72d197a27ec4e3b944"},
    {file = "winrt_runtime-2.1.0.tar.gz", hash = "sha256:fc9aeea4ab4ddee143fd0aea656040ab7843a440895106314ecaff78a77fd716"},
]

[[package]]
name = "winrt-windows-foundation"
version = "2.1.0"
description = "Python projection of Windows Runtime (WinRT) APIs"
optional = false
python-versions = "<3.13,>=3.9"
files = [
    {file = "winrt_Windows.Foundation-2.1.0-cp310-cp310-win32.whl", hash = "sha256:4552dbb13976a36932d0ab375db1406249dd2c2b9890ba4b704f9413885fbede"},
    {file = "winrt_Windows.Foundation-2.1.0-cp310-cp310-win_amd64.whl", hash = "sha256:8517660f96b89b13828af4d300b1a06a6692406eb70d9f6acae3405718ed29e3"},
    {file = "winrt_Windows.Foundation-2.1.0-cp310-cp310-win_arm64.whl", hash = "sha256:7b7351fda8c9645d7a48b7a04e25c8cf4427f1ce6f90d468a395e94081efb063"},
    {file = "winrt_Windows.Foundation-2.1.0-cp311-cp311-win32.whl", hash = "sha256:23c9eb9638a8dab9daa5384a3fbf7dfc435bf4f96359d4cb652e5f60e9627218"},
    {file = "winrt_Windows.Foundation-2.1.0-cp311-cp311-win_amd64.whl", hash = "sha256:5f3eea024a51b3be36b5ee3e98fd26a3b98ae8fe59e793b9eaf1bed7b3a972eb"},
    {file = "winrt_Windows.Foundation-2.1.0-cp311-cp311-win_arm64.whl", hash = "sha256:9615aee5af26c0f7a4fa7b159be2a92d39fd39119206d48c80d3154a99c44102"},
    {file = "winrt_Windows.Foundation-2.1.0-cp312-cp312-win32.whl", hash = "sha256:b6201185fe0cdce104802f6029384850c3e56679dd3d545ddefdd809f81e2d8b"},
    {file = "winrt_Windows.Foundation-2.1.0-cp312-cp312-win_amd64.whl", hash = "sha256:a26a3906a4cb21fb2d5bce84ba7571b42921d31b3faee715ec598b9df581a6d4"},
    {file = "winrt_Windows.Foundation-2.1.0-cp312-cp312-win_arm64.whl", hash = "sha256:4feb7daabdf91c58073a7a90633b0b0b9b128f1cddfb901607a90e558b22515e"},
    {file = "winrt_Windows.Foundation-2.1.0-cp39-cp39-win32.whl", hash = "sha256:8e0cfb11294e5ec0d6c3ae1bc979a1611ab41e2e57f3dd6cd39420fa18a19409"},
    {file = "winrt_Windows.Foundation-2.1.0-cp39-cp39-win_amd64.whl", hash = "sha256:4bef293416ca1b4899f507dd332c3a5cd71c6ae414d8e03920fd9447b14be535"},
    {file = "winrt_Windows.Foundation-2.1.0-cp39-cp39-win_arm64.whl", hash = "sha256:1362ca83679d881700edb50f761c0527d784faf4671f7a427b043fa3d01d6ce0"},
    {file = "winrt_windows_foundation-2.1.0.tar.gz", hash = "sha256:6d57f35a5d744c3bc1a897c9b539322887a87765bebce47fddcfb942de587d5a"},
]

[package.dependencies]
winrt-runtime = "2.1.0"

[package.extras]
all = ["winrt-Windows.Foundation.Collections[all] (==2.1.0)"]

[[package]]
name = "winrt-windows-foundation-collections"
version = "2.1.0"
description = "Python projection of Windows Runtime (WinRT) APIs"
optional = false
python-versions = "<3.13,>=3.9"
files = [
    {file = "winrt_Windows.Foundation.Collections-2.1.0-cp310-cp310-win32.whl", hash = "sha256:389775a05691a8177024da07bb18e6c95099a130bf4475f7b19a6565e58b43e7"},
    {file = "winrt_Windows.Foundation.Collections-2.1.0-cp310-cp310-win_amd64.whl", hash = "sha256:6f39d4ed19efc383138891c8a1b04c65bed11ddaa7fa998269b412e67ea40834"},
    {file = "winrt_Windows.Foundation.Collections-2.1.0-cp310-cp310-win_arm64.whl", hash = "sha256:4a38714dad4dd304df1a9557bbbca69b4d287ec81744d7faceff90eb1ad4e7ca"},
    {file = "winrt_Windows.Foundation.Collections-2.1.0-cp311-cp311-win32.whl", hash = "sha256:cb71a41fbcbb735d0306dd4e534088d66e27b598f8706db6986cc32bfa09c8fe"},
    {file = "winrt_Windows.Foundation.Collections-2.1.0-cp311-cp311-win_amd64.whl", hash = "sha256:da2cd2b843789f0d5add656f95807c206722dba3c961f29b106d708a53eff5a9"},
    {file = "winrt_Windows.Foundation.Collections-2.1.0-cp311-cp311-win_arm64.whl", hash = "sha256:e0be9569e3d7a9b6584f09ef93e5145472eed6185542a01a7f4991b95d67811e"},
    {file = "winrt_Windows.Foundation.Collections-2.1.0-cp312-cp312-win32.whl", hash = "sha256:dd349c9fc7496f3336ce151ec7485a3e101ab2a73d5052d47dfdc2c885d09358"},
    {file = "winrt_Windows.Foundation.Collections-2.1.0-cp312-cp312-win_amd64.whl", hash = "sha256:05d3e805b2a1bc2dda6793c20408dfd701389a89086dfbb41a6ed8cc719c7c1d"},
    {file = "winrt_Windows.Foundation.Collections-2.1.0-cp312-cp312-win_arm64.whl", hash = "sha256:d59ac0c3f309c449af85563323a1979be7838571551e42ac288006fb04686f85"},
    {file = "winrt_Windows.Foundation.Collections-2.1.0-cp39-cp39-win32.whl", hash = "sha256:78ad6d2de3c2c87d1cd0cd3e071ca8656e64913b0b58b059800f8a70e32daa86"},
    {file = "winrt_Windows.Foundation.Collections-2.1.0-cp39-cp39-win_amd64.whl", hash = "sha256:458b8a65cbe610fd2b272da94d1dda016a1cec686e1dcb21b1354ba26ec1c4a8"},
    {file = "winrt_Windows.Foundation.Collections-2.1.0-cp39-cp39-win_arm64.whl", hash = "sha256:78b3421b7f9d91c8171d2fa6c89ee91ba6db37c0175b7b8fffeab48681ca4e21"},
    {file = "winrt_windows_foundation_collections-2.1.0.tar.gz", hash = "sha256:b54709d5b906befe957cce4648e6fe404586b5d9cc4ea0b91fab0fde54ef0455"},
]

[package.dependencies]
winrt-runtime = "2.1.0"

[package.extras]
all = ["winrt-Windows.Foundation[all] (==2.1.0)"]

[[package]]
name = "winrt-windows-media"
version = "2.1.0"
description = "Python projection of Windows Runtime (WinRT) APIs"
optional = false
python-versions = "<3.13,>=3.9"
files = [
    {file = "winrt_Windows.Media-2.1.0-cp310-cp310-win32.whl", hash = "sha256:7e5ebaee257690d6b79b6f8bafe5140acc270d9e59e19b195b23b5af69c29d84"},
    {file = "winrt_Windows.Media-2.1.0-cp310-cp310-win_amd64.whl", hash = "sha256:0e136d4daef2191c4b00f9b6ac70fb766ba9a60d0bd0767d539e8519908ac66c"},
    {file = "winrt_Windows.Media-2.1.0-cp310-cp310-win_arm64.whl", hash = "sha256:0bf907d9be5c137448e2abc9d5326a4a868249f06e629e03d0d47ffd44aea109"},
    {file = "winrt_Windows.Media-2.1.0-cp311-cp311-win32.whl", hash = "sha256:a2df8aada1ffd77c0f08dff001eaaceeec0b89fec846ca40cb104a0eeba1f60e"},
    {file = "winrt_Windows.Media-2.1.0-cp311-cp311-win_amd64.whl", hash = "sha256:2fcb1b45a0397b82e2b73f640b50ba70ace595877f909a91a5c5766f2d6be3f4"},
    {file = "winrt_Windows.Media-2.1.0-cp311-cp311-win_arm64.whl", hash = "sha256:502fee6289031badaf3987b68301b0f26e5455f607c2e987c1676ffe21a7336e"},
    {file = "winrt_Windows.Media-2.1.0-cp312-cp312-win32.whl", hash = "sha256:b16143cbe11a4816f15dd657d3f2665fc0c2316617fb9cdbbecb79be22bb6f73"},
    {file = "winrt_Windows.Media-2.1.0-cp312-cp312-win_amd64.whl", hash = "sha256:6e086ab0d5994b5099d3ece216ce2b5209422024f4dcac83e4e039a9cb5c9d52"},
    {file = "winrt_Windows.Media-2.1.0-cp312-cp312-win_arm64.whl", hash = "sha256:e855099b419e35ca45b5f635a0cbce734248463ed74202b6c73522de4a1e7cfc"},
    {file = "winrt_Windows.Media-2.1.0-cp39-cp39-win32.whl", hash = "sha256:3f8d8c70dab4891ea8d2760c0c1c0805502412a39957c3691c08052ce2183067"},
    {file = "winrt_Windows.Media-2.1.0-cp39-cp39-win_amd64.whl", hash = "sha256:ea324072f628acd134c65633c212378db9424c6f5d3c4ce2157304462bfb72b8"},
    {file = "winrt_Windows.Media-2.1.0-cp39-cp39-win_arm64.whl", hash = "sha256:baf9195775c8d4e49c41a79597118b7f840b15bba63c3e9ca2cb45257d84ede6"},
    {file = "winrt_windows_media-2.1.0.tar.gz", hash = "sha256:fd29dc46fe1bdaf30a0fab10e5f1fab610975719f2990142598c2645feceb264"},
]

[package.dependencies]
winrt-runtime = "2.1.0"

[package.extras]
all = ["winrt-Windows.ApplicationModel.AppService[all] (==2.1.0)", "winrt-Windows.Foundation.Collections[all] (==2.1.0)", "winrt-Windows.Foundation[all] (==2.1.0)", "winrt-Windows.Graphics.DirectX.Direct3D11[all] (==2.1.0)", "winrt-Windows.Graphics.DirectX[all] (==2.1.0)", "winrt-Windows.Graphics.Imaging[all] (==2.1.0)", "winrt-Windows.Storage.Streams[all] (==2.1.0)", "winrt-Windows.Storage[all] (==2.1.0)"]

[[package]]
name = "winrt-windows-media-control"
version = "2.1.0"
description = "Python projection of Windows Runtime (WinRT) APIs"
optional = false
python-versions = "<3.13,>=3.9"
files = [
    {file = "winrt_Windows.Media.Control-2.1.0-cp310-cp310-win32.whl", hash = "sha256:16860940baafe6054a3da7bc3342f70a5392d87e02f697a0e11165a74e075d91"},
    {file = "winrt_Windows.Media.Control-2.1.0-cp310-cp310-win_amd64.whl", hash = "sha256:b8bbdda9544d1f09e571f432c66fca48899746aa20c16d549d2d75c4281f9a79"},
    {file = "winrt_Windows.Media.Control-2.1.0-cp310-cp310-win_arm64.whl", hash = "sha256:2d2ed7ee3ed74a7f81e9a4982da6721896e82702862dad3a8fb0c3e6a9221083"},
    {file = "winrt_Windows.Media.Control-2.1.0-cp311-cp311-win32.whl", hash = "sha256:3b624a102d2ff8d1fe14d147948a92c6cfe6bd4707b970b3cc8025b8de89ebc9"},
    {file = "winrt_Windows.Media.Control-2.1.0-cp311-cp311-win_amd64.whl", hash = "sha256:342276aaee655af0cdb94b05af9d570bc438755c6fbe408a1c4a4638e9a3daff"},
    {file = "winrt_Windows.Media.Control-2.1.0-cp311-cp311-win_arm64.whl", hash = "sha256:69e6790cbe5216ad5481a6f0472d6030303fc839dcddc3e6b4b031b5588a9b18"},
    {file = "winrt_Windows.Media.Control-2.1.0-cp312-cp312-win32.whl", hash = "sha256:234a3e423a95f6df6f80be514cc4a6b0d1588f03b0c32a312e85fd13815abe5b"},
    {file = "winrt_Windows.Media.Control-2.1.0-cp312-cp312-win_amd64.whl", hash = "sha256:e653c0929927a1430636891c4680caf91783876869d12fdb55fe50a4ea682e77"},
    {file = "winrt_Windows.Media.Control-2.1.0-cp312-cp312-win_arm64.whl", hash = "sha256:7e4e5faf7f3537b6c46c6718708115c397ff3b868615928db9e158f7d577e28f"},
    {file = "winrt_Windows.Media.Control-2.1.0-cp39-cp39-win32.whl", hash = "sha256:c84dfe5f50b97833c247ea52a656981b19c0a78c09e63add0aa47636f85b2f42"},
    {file = "winrt_Windows.Media.Control-2.1.0-cp39-cp39-win_amd64.whl", hash = "sha256:42984fd11314b0f7cf3cf2fed31a3b84094117ff7f4aa0f8d8512883c121945c"},
    {file = "winrt_Windows.Media.Control-2.1.0-cp39-cp39-win_arm64.whl", hash = "sha256:6341fcd98acc070fc8549180df4b77a3b6b8b123284baf1415d1880a9f5a3bde"},
    {file = "winrt_windows_media_control-2.1.0.tar.gz", hash = "sha256:055bf80c09167d1ac12e05139de2addc5547a70f59db1cf650940a1d8c2cf0cf"},
]

[package.dependencies]
winrt-runtime = "2.1.0"

[package.extras]
all = ["winrt-Windows.Foundation.Collections[all] (==2.1.0)", "winrt-Windows.Foundation[all] (==2.1.0)", "winrt-Windows.Media[all] (==2.1.0)", "winrt-Windows.Storage.Streams[all] (==2.1.0)"]

[[package]]
name = "winrt-windows-storage-streams"
version = "2.1.0"
description = "Python projection of Windows Runtime (WinRT) APIs"
optional = false
python-versions = "<3.13,>=3.9"
files = [
    {file = "winrt_Windows.Storage.Streams-2.1.0-cp310-cp310-win32.whl", hash = "sha256:9e388431835dadfc3ba8803886759676ed5a47d7c56deb3eefd272ebec1e8f5c"},
    {file = "winrt_Windows.Storage.Streams-2.1.0-cp310-cp310-win_amd64.whl", hash = "sha256:d7c2fe2c1811f670c9fed489fe1816d44c14a2a1ed7009f041fed18aa4049c08"},
    {file = "winrt_Windows.Storage.Streams-2.1.0-cp310-cp310-win_arm64.whl", hash = "sha256:6f9e0ca6b5dba7ddf88e36158028a73459ad55b54dabbaf8db3688067830d379"},
    {file = "winrt_Windows.Storage.Streams-2.1.0-cp311-cp311-win32.whl", hash = "sha256:be2cde3a1094db6bae7c68fe491bca46e7049f9f8ab9fabe57abf854c4a7b4d2"},
    {file = "winrt_Windows.Storage.Streams-2.1.0-cp311-cp311-win_amd64.whl", hash = "sha256:0cc8ff40da59bc3bb97117dedeca72e84c029dd7c2d66e3d064703b88e642385"},
    {file = "winrt_Windows.Storage.Streams-2.1.0-cp311-cp311-win_arm64.whl", hash = "sha256:fcf99c01f4c3e9a749cbe60da217136dbb18ceda5d08155a698478887083dd2d"},
    {file = "winrt_Windows.Storage.Streams-2.1.0-cp312-cp312-win32.whl", hash = "sha256:5ed6b85a93228c9fb4129628a2d0a1f6b8eeb0b89fc74b3aefab0361ad6256d5"},
    {file = "winrt_Windows.Storage.Streams-2.1.0-cp312-cp312-win_amd64.whl", hash = "sha256:d1c664b3fc12c74793577322209ee16b1e7c06838f5e924b831ad2afea5440bf"},
    {file = "winrt_Windows.Storage.Streams-2.1.0-cp312-cp312-win_arm64.whl", hash = "sha256:fb8d2c7743d8b7a8ac7c017d3b0996f56bd8ebae2aea07d0e26d79febe1a7b49"},
    {file = "winrt_Windows.Storage.Streams-2.1.0-cp39-cp39-win32.whl", hash = "sha256:29595722aa58f4b6e846c06ec5bec019d4d09c028d97cc5c25fb850f3adfa224"},
    {file = "winrt_Windows.Storage.Streams-2.1.0-cp39-cp39-win_amd64.whl", hash = "sha256:f65fabdfca0af53185cb83a5a22c6f39a06db7131a097e3dfed6455a556b51bd"},
    {file = "winrt_Windows.Storage.Streams-2.1.0-cp39-cp39-win_arm64.whl", hash = "sha256:51c1aec44f6322ced936bdde9c0f35c06873e7b5d5c242af2989b01b4cd7cdf5"},
    {file = "winrt_windows_storage_streams-2.1.0.tar.gz", hash = "sha256:d0e68b0ae9bb53b2d423332771a4679f5862ddc01fe57dfef89fe25b982dd6d1"},
]

[package.dependencies]
winrt-runtime = "2.1.0"

[package.extras]
all = ["winrt-Windows.Foundation.Collections[all] (==2.1.0)", "winrt-Windows.Foundation[all] (==2.1.0)", "winrt-Windows.Storage[all] (==2.1.0)", "winrt-Windows.System[all] (==2.1.0)"]

[metadata]
lock-version = "2.0"
python-versions = ">=3.11,<3.13"
content-hash = "a816ed25e71b4376215776278df2517fe88f49a33638ebb7d09e9e59f185ca2f"
