{
  "name": "httpcontrol",
  "version": "1.0.0",
  "lockfileVersion": 3,
  "requires": true,
  "packages": {
    "": {
      "name": "httpcontrol",
      "version": "1.0.0",
      "license": "MIT",
      "dependencies": {
        "@nodert-win10-21h1/windows.foundation.collections": "^0.1.6",
        "@nodert-win10-21h1/windows.media.control": "^0.1.6",
        "@nodert-win10-21h1/windows.storage.streams": "^0.1.6"
      }
    },
    "node_modules/@nodert-win10-21h1/windows.foundation.collections": {
      "version": "0.1.6",
      "resolved": "https://registry.npmjs.org/@nodert-win10-21h1/windows.foundation.collections/-/windows.foundation.collections-0.1.6.tgz",
      "integrity": "sha512-LCbp6XEFlBfFHqBCET9EmNBZAKCDfh3Ft8YUrH6YxPbe15aWGHTGQDit97DicE++gV/0PhxcNoXNTxBji+Iu9w==",
      "hasInstallScript": true,
      "dependencies": {
        "nan": "latest"
      }
    },
    "node_modules/@nodert-win10-21h1/windows.media.control": {
      "version": "0.1.6",
      "resolved": "https://registry.npmjs.org/@nodert-win10-21h1/windows.media.control/-/windows.media.control-0.1.6.tgz",
      "integrity": "sha512-IM5kx3f+SmDtjJzTX73trxRMlGXbH0QewsiMhu9paX3Pc2cq7V9ttXpT8rZFWiLN57Udc/Azd3EVSlILCaen8w==",
      "hasInstallScript": true,
      "dependencies": {
        "nan": "latest"
      }
    },
    "node_modules/@nodert-win10-21h1/windows.storage.streams": {
      "version": "0.1.6",
      "resolved": "https://registry.npmjs.org/@nodert-win10-21h1/windows.storage.streams/-/windows.storage.streams-0.1.6.tgz",
      "integrity": "sha512-Nj2KtyU67CfGU+d8JMRuGClUiJ1ebdBDc55/JunVANa4V7fxZN6fFuWL1XYCMUlVy8ODiMG+/hXXQIDQYoLitg==",
      "hasInstallScript": true,
      "dependencies": {
        "nan": "latest"
      }
    },
    "node_modules/nan": {
      "version": "2.17.0",
      "resolved": "https://registry.npmjs.org/nan/-/nan-2.17.0.tgz",
      "integrity": "sha512-2ZTgtl0nJsO0KQCjEpxcIr5D+Yv90plTitZt9JBfQvVJDS5seMl3FOvsh3+9CoYWXf/1l5OaZzzF6nDm4cagaQ=="
    }
  }
}
